
Microsoft Visual Studio Solution File, Format Version 12.00
# Visual Studio Version 16
VisualStudioVersion = 16.0.29324.140
MinimumVisualStudioVersion = 10.0.40219.1
Project("{9A19103F-16F7-4668-BE54-9A1E7A4F7556}") = "CandidaturaE+", "CandidaturaE+.csproj", "{93FE2B1D-5A16-4AFB-B5E6-0211B6535FC7}"
EndProject
Project("{9092AA53-FB77-4645-B42D-1CCCA6BD08BD}") = "Notificacoes", "..\Notificacoes\Notificacoes.njsproj", "{1C497A45-CCF0-4D8A-B405-1AE9A30A0CAC}"
EndProject
Global
	GlobalSection(SolutionConfigurationPlatforms) = preSolution
		Debug|Any CPU = Debug|Any CPU
		Release|Any CPU = Release|Any CPU
	EndGlobalSection
	GlobalSection(ProjectConfigurationPlatforms) = postSolution
		{93FE2B1D-5A16-4AFB-B5E6-0211B6535FC7}.Debug|Any CPU.ActiveCfg = Debug|Any CPU
		{93FE2B1D-5A16-4AFB-B5E6-0211B6535FC7}.Debug|Any CPU.Build.0 = Debug|Any CPU
		{93FE2B1D-5A16-4AFB-B5E6-0211B6535FC7}.Release|Any CPU.ActiveCfg = Release|Any CPU
		{93FE2B1D-5A16-4AFB-B5E6-0211B6535FC7}.Release|Any CPU.Build.0 = Release|Any CPU
		{1C497A45-CCF0-4D8A-B405-1AE9A30A0CAC}.Debug|Any CPU.ActiveCfg = Debug|Any CPU
		{1C497A45-CCF0-4D8A-B405-1AE9A30A0CAC}.Debug|Any CPU.Build.0 = Debug|Any CPU
		{1C497A45-CCF0-4D8A-B405-1AE9A30A0CAC}.Release|Any CPU.ActiveCfg = Release|Any CPU
		{1C497A45-CCF0-4D8A-B405-1AE9A30A0CAC}.Release|Any CPU.Build.0 = Release|Any CPU
	EndGlobalSection
	GlobalSection(SolutionProperties) = preSolution
		HideSolutionNode = FALSE
	EndGlobalSection
	GlobalSection(ExtensibilityGlobals) = postSolution
		SolutionGuid = {978E0DEF-5EF0-4321-8AAE-0740556E3EA0}
	EndGlobalSection
EndGlobal
