
Microsoft Visual Studio Solution File, Format Version 12.00
# Visual Studio Version 16
VisualStudioVersion = 16.0.29609.76
MinimumVisualStudioVersion = 10.0.40219.1
Project("{9A19103F-16F7-4668-BE54-9A1E7A4F7556}") = "CandidaturaEmais", "CandidaturaEmais.csproj", "{1B39CD2B-677B-49B9-AC7A-F49FAF56C600}"
EndProject
Global
	GlobalSection(SolutionConfigurationPlatforms) = preSolution
		Debug|Any CPU = Debug|Any CPU
		Release|Any CPU = Release|Any CPU
	EndGlobalSection
	GlobalSection(ProjectConfigurationPlatforms) = postSolution
		{1B39CD2B-677B-49B9-AC7A-F49FAF56C600}.Debug|Any CPU.ActiveCfg = Release|Any CPU
		{1B39CD2B-677B-49B9-AC7A-F49FAF56C600}.Debug|Any CPU.Build.0 = Release|Any CPU
		{1B39CD2B-677B-49B9-AC7A-F49FAF56C600}.Release|Any CPU.ActiveCfg = Release|Any CPU
		{1B39CD2B-677B-49B9-AC7A-F49FAF56C600}.Release|Any CPU.Build.0 = Release|Any CPU
	EndGlobalSection
	GlobalSection(SolutionProperties) = preSolution
		HideSolutionNode = FALSE
	EndGlobalSection
	GlobalSection(ExtensibilityGlobals) = postSolution
		SolutionGuid = {F1987A78-1A47-4BD4-BE9C-8DFBB5D40F4D}
	EndGlobalSection
EndGlobal
